
Microsoft Visual Studio Solution File, Format Version 12.00
# Visual Studio Version 16
VisualStudioVersion = 16.0.31829.152
MinimumVisualStudioVersion = 10.0.40219.1
Project("{9A19103F-16F7-4668-BE54-9A1E7A4F7556}") = "TechTestNetApp", "TechTestNetApp\TechTestNetApp.csproj", "{13A32720-34CE-49FE-97C8-B18CEB277DAF}"
EndProject
Project("{FAE04EC0-301F-11D3-BF4B-00C04F79EFBC}") = "TechTestNetAppTests", "TechTestNetAppTests\TechTestNetAppTests.csproj", "{DF480D00-0D2C-4C8F-8030-A10BE736533F}"
EndProject
Global
	GlobalSection(SolutionConfigurationPlatforms) = preSolution
		Debug|Any CPU = Debug|Any CPU
		Release|Any CPU = Release|Any CPU
	EndGlobalSection
	GlobalSection(ProjectConfigurationPlatforms) = postSolution
		{13A32720-34CE-49FE-97C8-B18CEB277DAF}.Debug|Any CPU.ActiveCfg = Debug|Any CPU
		{13A32720-34CE-49FE-97C8-B18CEB277DAF}.Debug|Any CPU.Build.0 = Debug|Any CPU
		{13A32720-34CE-49FE-97C8-B18CEB277DAF}.Release|Any CPU.ActiveCfg = Release|Any CPU
		{13A32720-34CE-49FE-97C8-B18CEB277DAF}.Release|Any CPU.Build.0 = Release|Any CPU
		{DF480D00-0D2C-4C8F-8030-A10BE736533F}.Debug|Any CPU.ActiveCfg = Debug|Any CPU
		{DF480D00-0D2C-4C8F-8030-A10BE736533F}.Debug|Any CPU.Build.0 = Debug|Any CPU
		{DF480D00-0D2C-4C8F-8030-A10BE736533F}.Release|Any CPU.ActiveCfg = Release|Any CPU
		{DF480D00-0D2C-4C8F-8030-A10BE736533F}.Release|Any CPU.Build.0 = Release|Any CPU
	EndGlobalSection
	GlobalSection(SolutionProperties) = preSolution
		HideSolutionNode = FALSE
	EndGlobalSection
	GlobalSection(ExtensibilityGlobals) = postSolution
		SolutionGuid = {BA97DB62-7966-4BEF-85D7-044AFDB752EC}
	EndGlobalSection
EndGlobal
